
Microsoft Visual Studio Solution File, Format Version 12.00
# Visual Studio Version 17
VisualStudioVersion = 17.1.32319.34
MinimumVisualStudioVersion = 10.0.40219.1
Project("{9A19103F-16F7-4668-BE54-9A1E7A4F7556}") = "EmailBuilder", "EmailBuilder\EmailBuilder.csproj", "{5AB9EFAC-08A5-4753-A7F4-03E1C4F19169}"
EndProject
Project("{9A19103F-16F7-4668-BE54-9A1E7A4F7556}") = "Test.EmailBuilder", "Test.EmailBuilder\Test.EmailBuilder.csproj", "{6EF493C8-0BDC-405A-9929-547A6097B435}"
EndProject
Project("{9A19103F-16F7-4668-BE54-9A1E7A4F7556}") = "FactoryMethod", "FactoryMethod\FactoryMethod.csproj", "{59906AEC-3267-47D0-A84A-A26B2633207A}"
EndProject
Project("{FAE04EC0-301F-11D3-BF4B-00C04F79EFBC}") = "AbstractFactory", "AbstractFactory\AbstractFactory.csproj", "{917EC721-4842-4CD3-813F-A50E02FD587D}"
EndProject
Global
	GlobalSection(SolutionConfigurationPlatforms) = preSolution
		Debug|Any CPU = Debug|Any CPU
		Release|Any CPU = Release|Any CPU
	EndGlobalSection
	GlobalSection(ProjectConfigurationPlatforms) = postSolution
		{5AB9EFAC-08A5-4753-A7F4-03E1C4F19169}.Debug|Any CPU.ActiveCfg = Debug|Any CPU
		{5AB9EFAC-08A5-4753-A7F4-03E1C4F19169}.Debug|Any CPU.Build.0 = Debug|Any CPU
		{5AB9EFAC-08A5-4753-A7F4-03E1C4F19169}.Release|Any CPU.ActiveCfg = Release|Any CPU
		{5AB9EFAC-08A5-4753-A7F4-03E1C4F19169}.Release|Any CPU.Build.0 = Release|Any CPU
		{6EF493C8-0BDC-405A-9929-547A6097B435}.Debug|Any CPU.ActiveCfg = Debug|Any CPU
		{6EF493C8-0BDC-405A-9929-547A6097B435}.Debug|Any CPU.Build.0 = Debug|Any CPU
		{6EF493C8-0BDC-405A-9929-547A6097B435}.Release|Any CPU.ActiveCfg = Release|Any CPU
		{6EF493C8-0BDC-405A-9929-547A6097B435}.Release|Any CPU.Build.0 = Release|Any CPU
		{59906AEC-3267-47D0-A84A-A26B2633207A}.Debug|Any CPU.ActiveCfg = Debug|Any CPU
		{59906AEC-3267-47D0-A84A-A26B2633207A}.Debug|Any CPU.Build.0 = Debug|Any CPU
		{59906AEC-3267-47D0-A84A-A26B2633207A}.Release|Any CPU.ActiveCfg = Release|Any CPU
		{59906AEC-3267-47D0-A84A-A26B2633207A}.Release|Any CPU.Build.0 = Release|Any CPU
		{917EC721-4842-4CD3-813F-A50E02FD587D}.Debug|Any CPU.ActiveCfg = Debug|Any CPU
		{917EC721-4842-4CD3-813F-A50E02FD587D}.Debug|Any CPU.Build.0 = Debug|Any CPU
		{917EC721-4842-4CD3-813F-A50E02FD587D}.Release|Any CPU.ActiveCfg = Release|Any CPU
		{917EC721-4842-4CD3-813F-A50E02FD587D}.Release|Any CPU.Build.0 = Release|Any CPU
	EndGlobalSection
	GlobalSection(SolutionProperties) = preSolution
		HideSolutionNode = FALSE
	EndGlobalSection
	GlobalSection(ExtensibilityGlobals) = postSolution
		SolutionGuid = {D1440495-D9DD-435D-9E84-6AD0171413D3}
	EndGlobalSection
EndGlobal
